<?xml version="1.0" encoding="utf-8"?>
<Project ToolsVersion="4.0" xmlns="http://schemas.microsoft.com/developer/msbuild/2003">
  <ItemGroup>
    <ClCompile Include="..\..\tinystr.cpp" />
    <ClCompile Include="..\..\tinyxml.cpp" />
    <ClCompile Include="..\..\tinyxmlerror.cpp" />
    <ClCompile Include="..\..\tinyxmlparser.cpp" />
  </ItemGroup>
  <ItemGroup>
    <ClInclude Include="..\..\tinystr.h" />
    <ClInclude Include="..\..\tinyxml.h" />
  </ItemGroup>
</Project>